
Microsoft Visual Studio Solution File, Format Version 12.00
# Visual Studio Version 17
VisualStudioVersion = 17.8.34330.188
MinimumVisualStudioVersion = 10.0.40219.1
Project("{9A19103F-16F7-4668-BE54-9A1E7A4F7556}") = "DotNetCW", "DotNetCW.csproj", "{5E19585D-7D63-49D6-A36B-B258A1E6ADEC}"
EndProject
Global
	GlobalSection(SolutionConfigurationPlatforms) = preSolution
		Debug|Any CPU = Debug|Any CPU
		Release|Any CPU = Release|Any CPU
	EndGlobalSection
	GlobalSection(ProjectConfigurationPlatforms) = postSolution
		{5E19585D-7D63-49D6-A36B-B258A1E6ADEC}.Debug|Any CPU.ActiveCfg = Debug|Any CPU
		{5E19585D-7D63-49D6-A36B-B258A1E6ADEC}.Debug|Any CPU.Build.0 = Debug|Any CPU
		{5E19585D-7D63-49D6-A36B-B258A1E6ADEC}.Debug|Any CPU.Deploy.0 = Debug|Any CPU
		{5E19585D-7D63-49D6-A36B-B258A1E6ADEC}.Release|Any CPU.ActiveCfg = Release|Any CPU
		{5E19585D-7D63-49D6-A36B-B258A1E6ADEC}.Release|Any CPU.Build.0 = Release|Any CPU
		{5E19585D-7D63-49D6-A36B-B258A1E6ADEC}.Release|Any CPU.Deploy.0 = Release|Any CPU
	EndGlobalSection
	GlobalSection(SolutionProperties) = preSolution
		HideSolutionNode = FALSE
	EndGlobalSection
	GlobalSection(ExtensibilityGlobals) = postSolution
		SolutionGuid = {F1B7F928-E2DD-40DE-BE5F-A5F848E9F242}
	EndGlobalSection
EndGlobal
